
Microsoft Visual Studio Solution File, Format Version 12.00
# Visual Studio Version 17
VisualStudioVersion = 17.3.32819.101
MinimumVisualStudioVersion = 10.0.40219.1
Project("{FAE04EC0-301F-11D3-BF4B-00C04F79EFBC}") = "Lab14", "Lab14\Lab14.csproj", "{061F4A0A-6684-440E-865F-5D1F3B9DE0C6}"
EndProject
Global
	GlobalSection(SolutionConfigurationPlatforms) = preSolution
		Debug|Any CPU = Debug|Any CPU
		Release|Any CPU = Release|Any CPU
	EndGlobalSection
	GlobalSection(ProjectConfigurationPlatforms) = postSolution
		{061F4A0A-6684-440E-865F-5D1F3B9DE0C6}.Debug|Any CPU.ActiveCfg = Debug|Any CPU
		{061F4A0A-6684-440E-865F-5D1F3B9DE0C6}.Debug|Any CPU.Build.0 = Debug|Any CPU
		{061F4A0A-6684-440E-865F-5D1F3B9DE0C6}.Release|Any CPU.ActiveCfg = Release|Any CPU
		{061F4A0A-6684-440E-865F-5D1F3B9DE0C6}.Release|Any CPU.Build.0 = Release|Any CPU
	EndGlobalSection
	GlobalSection(SolutionProperties) = preSolution
		HideSolutionNode = FALSE
	EndGlobalSection
	GlobalSection(ExtensibilityGlobals) = postSolution
		SolutionGuid = {FABA3C35-27F7-430F-9896-79600DD19FD7}
	EndGlobalSection
EndGlobal
